// !$*UTF8*$!
{
	archiveVersion = 1;
	classes = {
	};
	objectVersion = 46;
	objects = {

/* Begin PBXBuildFile section */
		C211981B16F1D3DC00E6CE7C /* icon-share.png in Resources */ = {isa = PBXBuildFile; fileRef = C211981916F1D3DC00E6CE7C /* icon-share.png */; };
		C211981C16F1D3DC00E6CE7C /* icon-share@2x.png in Resources */ = {isa = PBXBuildFile; fileRef = C211981A16F1D3DC00E6CE7C /* icon-share@2x.png */; };
		C211981F16F1F03400E6CE7C /* UIBarButtonItem+Ext.m in Sources */ = {isa = PBXBuildFile; fileRef = C211981E16F1F03400E6CE7C /* UIBarButtonItem+Ext.m */; };
		C211982516F1FCCE00E6CE7C /* YHTabBarController.m in Sources */ = {isa = PBXBuildFile; fileRef = C211982416F1FCCE00E6CE7C /* YHTabBarController.m */; };
		C211982816F1FD2400E6CE7C /* bottom-bar-bg.png in Resources */ = {isa = PBXBuildFile; fileRef = C211982616F1FD2400E6CE7C /* bottom-bar-bg.png */; };
		C211982916F1FD2400E6CE7C /* bottom-bar-bg@2x.png in Resources */ = {isa = PBXBuildFile; fileRef = C211982716F1FD2400E6CE7C /* bottom-bar-bg@2x.png */; };
		C211982E16F2032E00E6CE7C /* tab-icon-coupon.png in Resources */ = {isa = PBXBuildFile; fileRef = C211982A16F2032E00E6CE7C /* tab-icon-coupon.png */; };
		C211982F16F2032E00E6CE7C /* tab-icon-coupon@2x.png in Resources */ = {isa = PBXBuildFile; fileRef = C211982B16F2032E00E6CE7C /* tab-icon-coupon@2x.png */; };
		C211983016F2032E00E6CE7C /* tab-icon-shop.png in Resources */ = {isa = PBXBuildFile; fileRef = C211982C16F2032E00E6CE7C /* tab-icon-shop.png */; };
		C211983116F2032E00E6CE7C /* tab-icon-shop@2x.png in Resources */ = {isa = PBXBuildFile; fileRef = C211982D16F2032E00E6CE7C /* tab-icon-shop@2x.png */; };
		C211983616F20DC100E6CE7C /* tab-icon-home.png in Resources */ = {isa = PBXBuildFile; fileRef = C211983416F20DC100E6CE7C /* tab-icon-home.png */; };
		C211983716F20DC100E6CE7C /* tab-icon-home@2x.png in Resources */ = {isa = PBXBuildFile; fileRef = C211983516F20DC100E6CE7C /* tab-icon-home@2x.png */; };
		C211983A16F213D600E6CE7C /* app-bg.png in Resources */ = {isa = PBXBuildFile; fileRef = C211983816F213D600E6CE7C /* app-bg.png */; };
		C211983B16F213D600E6CE7C /* app-bg@2x.png in Resources */ = {isa = PBXBuildFile; fileRef = C211983916F213D600E6CE7C /* app-bg@2x.png */; };
		C211984016F219FB00E6CE7C /* radar-bg.png in Resources */ = {isa = PBXBuildFile; fileRef = C211983C16F219FB00E6CE7C /* radar-bg.png */; };
		C211984116F219FB00E6CE7C /* radar-bg@2x.png in Resources */ = {isa = PBXBuildFile; fileRef = C211983D16F219FB00E6CE7C /* radar-bg@2x.png */; };
		C211984216F219FB00E6CE7C /* shake-phone.png in Resources */ = {isa = PBXBuildFile; fileRef = C211983E16F219FB00E6CE7C /* shake-phone.png */; };
		C211984316F219FB00E6CE7C /* shake-phone@2x.png in Resources */ = {isa = PBXBuildFile; fileRef = C211983F16F219FB00E6CE7C /* shake-phone@2x.png */; };
		C2D75E7916F190FA0008C9E5 /* UIKit.framework in Frameworks */ = {isa = PBXBuildFile; fileRef = C2D75E7816F190FA0008C9E5 /* UIKit.framework */; };
		C2D75E7B16F190FA0008C9E5 /* Foundation.framework in Frameworks */ = {isa = PBXBuildFile; fileRef = C2D75E7A16F190FA0008C9E5 /* Foundation.framework */; };
		C2D75E7D16F190FA0008C9E5 /* CoreGraphics.framework in Frameworks */ = {isa = PBXBuildFile; fileRef = C2D75E7C16F190FA0008C9E5 /* CoreGraphics.framework */; };
		C2D75E8916F190FA0008C9E5 /* AppDelegate.m in Sources */ = {isa = PBXBuildFile; fileRef = C2D75E8816F190FA0008C9E5 /* AppDelegate.m */; };
		C2D75EB116F1A6F40008C9E5 /* Default-568h@2x.png in Resources */ = {isa = PBXBuildFile; fileRef = C2D75EA316F1A6F40008C9E5 /* Default-568h@2x.png */; };
		C2D75EB216F1A6F40008C9E5 /* Default.png in Resources */ = {isa = PBXBuildFile; fileRef = C2D75EA416F1A6F40008C9E5 /* Default.png */; };
		C2D75EB316F1A6F40008C9E5 /* Default@2x.png in Resources */ = {isa = PBXBuildFile; fileRef = C2D75EA516F1A6F40008C9E5 /* Default@2x.png */; };
		C2D75EB416F1A6F40008C9E5 /* InfoPlist.strings in Resources */ = {isa = PBXBuildFile; fileRef = C2D75EA616F1A6F40008C9E5 /* InfoPlist.strings */; };
		C2D75EB516F1A6F40008C9E5 /* Icon.png in Resources */ = {isa = PBXBuildFile; fileRef = C2D75EA816F1A6F40008C9E5 /* Icon.png */; };
		C2D75EB616F1A6F40008C9E5 /* Icon@2x.png in Resources */ = {isa = PBXBuildFile; fileRef = C2D75EA916F1A6F40008C9E5 /* Icon@2x.png */; };
		C2D75EB716F1A6F40008C9E5 /* main.m in Sources */ = {isa = PBXBuildFile; fileRef = C2D75EAA16F1A6F40008C9E5 /* main.m */; };
		C2D75EBC16F1A79A0008C9E5 /* SystemConfiguration.framework in Frameworks */ = {isa = PBXBuildFile; fileRef = C2D75EBB16F1A79A0008C9E5 /* SystemConfiguration.framework */; };
		C2D75EBE16F1A7A20008C9E5 /* AudioToolbox.framework in Frameworks */ = {isa = PBXBuildFile; fileRef = C2D75EBD16F1A7A20008C9E5 /* AudioToolbox.framework */; };
		C2D75EC016F1A7A90008C9E5 /* CoreAudio.framework in Frameworks */ = {isa = PBXBuildFile; fileRef = C2D75EBF16F1A7A90008C9E5 /* CoreAudio.framework */; };
		C2D75EC216F1A7B20008C9E5 /* QuartzCore.framework in Frameworks */ = {isa = PBXBuildFile; fileRef = C2D75EC116F1A7B20008C9E5 /* QuartzCore.framework */; };
		C2D75EC416F1A7BE0008C9E5 /* libc++.dylib in Frameworks */ = {isa = PBXBuildFile; fileRef = C2D75EC316F1A7BE0008C9E5 /* libc++.dylib */; };
		C2D75EC616F1A8AC0008C9E5 /* libultrasonicLib.a in Frameworks */ = {isa = PBXBuildFile; fileRef = C2D75EC516F1A8AC0008C9E5 /* libultrasonicLib.a */; };
		C2D75EC916F1B4CC0008C9E5 /* MainViewController.m in Sources */ = {isa = PBXBuildFile; fileRef = C2D75EC816F1B4CC0008C9E5 /* MainViewController.m */; };
		C2D75ED316F1B6CC0008C9E5 /* NSString+Ex.m in Sources */ = {isa = PBXBuildFile; fileRef = C2D75ECC16F1B6CC0008C9E5 /* NSString+Ex.m */; };
		C2D75ED416F1B6CC0008C9E5 /* UIColor+Ext.m in Sources */ = {isa = PBXBuildFile; fileRef = C2D75ECE16F1B6CC0008C9E5 /* UIColor+Ext.m */; };
		C2D75ED516F1B6CC0008C9E5 /* UIImage+Ext.m in Sources */ = {isa = PBXBuildFile; fileRef = C2D75ED016F1B6CC0008C9E5 /* UIImage+Ext.m */; };
		C2D75ED616F1B6CC0008C9E5 /* UIView+Ext.m in Sources */ = {isa = PBXBuildFile; fileRef = C2D75ED216F1B6CC0008C9E5 /* UIView+Ext.m */; };
		C2D75ED916F1C2E30008C9E5 /* UINavigationBar+Ext.m in Sources */ = {isa = PBXBuildFile; fileRef = C2D75ED816F1C2E30008C9E5 /* UINavigationBar+Ext.m */; };
		C2D75EDE16F1C97D0008C9E5 /* top-bar-bg.png in Resources */ = {isa = PBXBuildFile; fileRef = C2D75EDC16F1C97D0008C9E5 /* top-bar-bg.png */; };
		C2D75EDF16F1C97D0008C9E5 /* top-bar-bg@2x.png in Resources */ = {isa = PBXBuildFile; fileRef = C2D75EDD16F1C97D0008C9E5 /* top-bar-bg@2x.png */; };
/* End PBXBuildFile section */

/* Begin PBXFileReference section */
		C211981916F1D3DC00E6CE7C /* icon-share.png */ = {isa = PBXFileReference; lastKnownFileType = image.png; path = "icon-share.png"; sourceTree = "<group>"; };
		C211981A16F1D3DC00E6CE7C /* icon-share@2x.png */ = {isa = PBXFileReference; lastKnownFileType = image.png; path = "icon-share@2x.png"; sourceTree = "<group>"; };
		C211981D16F1F03400E6CE7C /* UIBarButtonItem+Ext.h */ = {isa = PBXFileReference; fileEncoding = 4; lastKnownFileType = sourcecode.c.h; path = "UIBarButtonItem+Ext.h"; sourceTree = "<group>"; };
		C211981E16F1F03400E6CE7C /* UIBarButtonItem+Ext.m */ = {isa = PBXFileReference; fileEncoding = 4; lastKnownFileType = sourcecode.c.objc; path = "UIBarButtonItem+Ext.m"; sourceTree = "<group>"; };
		C211982316F1FCCE00E6CE7C /* YHTabBarController.h */ = {isa = PBXFileReference; fileEncoding = 4; lastKnownFileType = sourcecode.c.h; path = YHTabBarController.h; sourceTree = "<group>"; };
		C211982416F1FCCE00E6CE7C /* YHTabBarController.m */ = {isa = PBXFileReference; fileEncoding = 4; lastKnownFileType = sourcecode.c.objc; path = YHTabBarController.m; sourceTree = "<group>"; };
		C211982616F1FD2400E6CE7C /* bottom-bar-bg.png */ = {isa = PBXFileReference; lastKnownFileType = image.png; path = "bottom-bar-bg.png"; sourceTree = "<group>"; };
		C211982716F1FD2400E6CE7C /* bottom-bar-bg@2x.png */ = {isa = PBXFileReference; lastKnownFileType = image.png; path = "bottom-bar-bg@2x.png"; sourceTree = "<group>"; };
		C211982A16F2032E00E6CE7C /* tab-icon-coupon.png */ = {isa = PBXFileReference; lastKnownFileType = image.png; path = "tab-icon-coupon.png"; sourceTree = "<group>"; };
		C211982B16F2032E00E6CE7C /* tab-icon-coupon@2x.png */ = {isa = PBXFileReference; lastKnownFileType = image.png; path = "tab-icon-coupon@2x.png"; sourceTree = "<group>"; };
		C211982C16F2032E00E6CE7C /* tab-icon-shop.png */ = {isa = PBXFileReference; lastKnownFileType = image.png; path = "tab-icon-shop.png"; sourceTree = "<group>"; };
		C211982D16F2032E00E6CE7C /* tab-icon-shop@2x.png */ = {isa = PBXFileReference; lastKnownFileType = image.png; path = "tab-icon-shop@2x.png"; sourceTree = "<group>"; };
		C211983416F20DC100E6CE7C /* tab-icon-home.png */ = {isa = PBXFileReference; lastKnownFileType = image.png; path = "tab-icon-home.png"; sourceTree = "<group>"; };
		C211983516F20DC100E6CE7C /* tab-icon-home@2x.png */ = {isa = PBXFileReference; lastKnownFileType = image.png; path = "tab-icon-home@2x.png"; sourceTree = "<group>"; };
		C211983816F213D600E6CE7C /* app-bg.png */ = {isa = PBXFileReference; lastKnownFileType = image.png; path = "app-bg.png"; sourceTree = "<group>"; };
		C211983916F213D600E6CE7C /* app-bg@2x.png */ = {isa = PBXFileReference; lastKnownFileType = image.png; path = "app-bg@2x.png"; sourceTree = "<group>"; };
		C211983C16F219FB00E6CE7C /* radar-bg.png */ = {isa = PBXFileReference; lastKnownFileType = image.png; path = "radar-bg.png"; sourceTree = "<group>"; };
		C211983D16F219FB00E6CE7C /* radar-bg@2x.png */ = {isa = PBXFileReference; lastKnownFileType = image.png; path = "radar-bg@2x.png"; sourceTree = "<group>"; };
		C211983E16F219FB00E6CE7C /* shake-phone.png */ = {isa = PBXFileReference; lastKnownFileType = image.png; path = "shake-phone.png"; sourceTree = "<group>"; };
		C211983F16F219FB00E6CE7C /* shake-phone@2x.png */ = {isa = PBXFileReference; lastKnownFileType = image.png; path = "shake-phone@2x.png"; sourceTree = "<group>"; };
		C2D75E7516F190FA0008C9E5 /* YueHui.app */ = {isa = PBXFileReference; explicitFileType = wrapper.application; includeInIndex = 0; path = YueHui.app; sourceTree = BUILT_PRODUCTS_DIR; };
		C2D75E7816F190FA0008C9E5 /* UIKit.framework */ = {isa = PBXFileReference; lastKnownFileType = wrapper.framework; name = UIKit.framework; path = System/Library/Frameworks/UIKit.framework; sourceTree = SDKROOT; };
		C2D75E7A16F190FA0008C9E5 /* Foundation.framework */ = {isa = PBXFileReference; lastKnownFileType = wrapper.framework; name = Foundation.framework; path = System/Library/Frameworks/Foundation.framework; sourceTree = SDKROOT; };
		C2D75E7C16F190FA0008C9E5 /* CoreGraphics.framework */ = {isa = PBXFileReference; lastKnownFileType = wrapper.framework; name = CoreGraphics.framework; path = System/Library/Frameworks/CoreGraphics.framework; sourceTree = SDKROOT; };
		C2D75E8716F190FA0008C9E5 /* AppDelegate.h */ = {isa = PBXFileReference; lastKnownFileType = sourcecode.c.h; path = AppDelegate.h; sourceTree = "<group>"; };
		C2D75E8816F190FA0008C9E5 /* AppDelegate.m */ = {isa = PBXFileReference; lastKnownFileType = sourcecode.c.objc; path = AppDelegate.m; sourceTree = "<group>"; };
		C2D75EA316F1A6F40008C9E5 /* Default-568h@2x.png */ = {isa = PBXFileReference; lastKnownFileType = image.png; path = "Default-568h@2x.png"; sourceTree = "<group>"; };
		C2D75EA416F1A6F40008C9E5 /* Default.png */ = {isa = PBXFileReference; lastKnownFileType = image.png; path = Default.png; sourceTree = "<group>"; };
		C2D75EA516F1A6F40008C9E5 /* Default@2x.png */ = {isa = PBXFileReference; lastKnownFileType = image.png; path = "Default@2x.png"; sourceTree = "<group>"; };
		C2D75EA716F1A6F40008C9E5 /* en */ = {isa = PBXFileReference; lastKnownFileType = text.plist.strings; name = en; path = en.lproj/InfoPlist.strings; sourceTree = "<group>"; };
		C2D75EA816F1A6F40008C9E5 /* Icon.png */ = {isa = PBXFileReference; lastKnownFileType = image.png; path = Icon.png; sourceTree = "<group>"; };
		C2D75EA916F1A6F40008C9E5 /* Icon@2x.png */ = {isa = PBXFileReference; lastKnownFileType = image.png; path = "Icon@2x.png"; sourceTree = "<group>"; };
		C2D75EAA16F1A6F40008C9E5 /* main.m */ = {isa = PBXFileReference; fileEncoding = 4; lastKnownFileType = sourcecode.c.objc; path = main.m; sourceTree = "<group>"; };
		C2D75EAB16F1A6F40008C9E5 /* YueHui-Info.plist */ = {isa = PBXFileReference; fileEncoding = 4; lastKnownFileType = text.plist.xml; path = "YueHui-Info.plist"; sourceTree = "<group>"; };
		C2D75EAC16F1A6F40008C9E5 /* YueHui-Prefix.pch */ = {isa = PBXFileReference; fileEncoding = 4; lastKnownFileType = sourcecode.c.h; path = "YueHui-Prefix.pch"; sourceTree = "<group>"; };
		C2D75EBB16F1A79A0008C9E5 /* SystemConfiguration.framework */ = {isa = PBXFileReference; lastKnownFileType = wrapper.framework; name = SystemConfiguration.framework; path = System/Library/Frameworks/SystemConfiguration.framework; sourceTree = SDKROOT; };
		C2D75EBD16F1A7A20008C9E5 /* AudioToolbox.framework */ = {isa = PBXFileReference; lastKnownFileType = wrapper.framework; name = AudioToolbox.framework; path = System/Library/Frameworks/AudioToolbox.framework; sourceTree = SDKROOT; };
		C2D75EBF16F1A7A90008C9E5 /* CoreAudio.framework */ = {isa = PBXFileReference; lastKnownFileType = wrapper.framework; name = CoreAudio.framework; path = System/Library/Frameworks/CoreAudio.framework; sourceTree = SDKROOT; };
		C2D75EC116F1A7B20008C9E5 /* QuartzCore.framework */ = {isa = PBXFileReference; lastKnownFileType = wrapper.framework; name = QuartzCore.framework; path = System/Library/Frameworks/QuartzCore.framework; sourceTree = SDKROOT; };
		C2D75EC316F1A7BE0008C9E5 /* libc++.dylib */ = {isa = PBXFileReference; lastKnownFileType = "compiled.mach-o.dylib"; name = "libc++.dylib"; path = "usr/lib/libc++.dylib"; sourceTree = SDKROOT; };
		C2D75EC516F1A8AC0008C9E5 /* libultrasonicLib.a */ = {isa = PBXFileReference; lastKnownFileType = archive.ar; path = libultrasonicLib.a; sourceTree = "<group>"; };
		C2D75EC716F1B4CC0008C9E5 /* MainViewController.h */ = {isa = PBXFileReference; fileEncoding = 4; lastKnownFileType = sourcecode.c.h; path = MainViewController.h; sourceTree = "<group>"; };
		C2D75EC816F1B4CC0008C9E5 /* MainViewController.m */ = {isa = PBXFileReference; fileEncoding = 4; lastKnownFileType = sourcecode.c.objc; path = MainViewController.m; sourceTree = "<group>"; };
		C2D75ECB16F1B6CC0008C9E5 /* NSString+Ext.h */ = {isa = PBXFileReference; fileEncoding = 4; lastKnownFileType = sourcecode.c.h; path = "NSString+Ext.h"; sourceTree = "<group>"; };
		C2D75ECC16F1B6CC0008C9E5 /* NSString+Ex.m */ = {isa = PBXFileReference; fileEncoding = 4; lastKnownFileType = sourcecode.c.objc; path = "NSString+Ex.m"; sourceTree = "<group>"; };
		C2D75ECD16F1B6CC0008C9E5 /* UIColor+Ext.h */ = {isa = PBXFileReference; fileEncoding = 4; lastKnownFileType = sourcecode.c.h; path = "UIColor+Ext.h"; sourceTree = "<group>"; };
		C2D75ECE16F1B6CC0008C9E5 /* UIColor+Ext.m */ = {isa = PBXFileReference; fileEncoding = 4; lastKnownFileType = sourcecode.c.objc; path = "UIColor+Ext.m"; sourceTree = "<group>"; };
		C2D75ECF16F1B6CC0008C9E5 /* UIImage+Ext.h */ = {isa = PBXFileReference; fileEncoding = 4; lastKnownFileType = sourcecode.c.h; path = "UIImage+Ext.h"; sourceTree = "<group>"; };
		C2D75ED016F1B6CC0008C9E5 /* UIImage+Ext.m */ = {isa = PBXFileReference; fileEncoding = 4; lastKnownFileType = sourcecode.c.objc; path = "UIImage+Ext.m"; sourceTree = "<group>"; };
		C2D75ED116F1B6CC0008C9E5 /* UIView+Ext.h */ = {isa = PBXFileReference; fileEncoding = 4; lastKnownFileType = sourcecode.c.h; path = "UIView+Ext.h"; sourceTree = "<group>"; };
		C2D75ED216F1B6CC0008C9E5 /* UIView+Ext.m */ = {isa = PBXFileReference; fileEncoding = 4; lastKnownFileType = sourcecode.c.objc; path = "UIView+Ext.m"; sourceTree = "<group>"; };
		C2D75ED716F1C2E30008C9E5 /* UINavigationBar+Ext.h */ = {isa = PBXFileReference; fileEncoding = 4; lastKnownFileType = sourcecode.c.h; path = "UINavigationBar+Ext.h"; sourceTree = "<group>"; };
		C2D75ED816F1C2E30008C9E5 /* UINavigationBar+Ext.m */ = {isa = PBXFileReference; fileEncoding = 4; lastKnownFileType = sourcecode.c.objc; path = "UINavigationBar+Ext.m"; sourceTree = "<group>"; };
		C2D75EDC16F1C97D0008C9E5 /* top-bar-bg.png */ = {isa = PBXFileReference; lastKnownFileType = image.png; path = "top-bar-bg.png"; sourceTree = "<group>"; };
		C2D75EDD16F1C97D0008C9E5 /* top-bar-bg@2x.png */ = {isa = PBXFileReference; lastKnownFileType = image.png; path = "top-bar-bg@2x.png"; sourceTree = "<group>"; };
/* End PBXFileReference section */

/* Begin PBXFrameworksBuildPhase section */
		C2D75E7216F190FA0008C9E5 /* Frameworks */ = {
			isa = PBXFrameworksBuildPhase;
			buildActionMask = 2147483647;
			files = (
				C2D75EC416F1A7BE0008C9E5 /* libc++.dylib in Frameworks */,
				C2D75EC216F1A7B20008C9E5 /* QuartzCore.framework in Frameworks */,
				C2D75EC016F1A7A90008C9E5 /* CoreAudio.framework in Frameworks */,
				C2D75EBE16F1A7A20008C9E5 /* AudioToolbox.framework in Frameworks */,
				C2D75EBC16F1A79A0008C9E5 /* SystemConfiguration.framework in Frameworks */,
				C2D75E7916F190FA0008C9E5 /* UIKit.framework in Frameworks */,
				C2D75E7B16F190FA0008C9E5 /* Foundation.framework in Frameworks */,
				C2D75E7D16F190FA0008C9E5 /* CoreGraphics.framework in Frameworks */,
				C2D75EC616F1A8AC0008C9E5 /* libultrasonicLib.a in Frameworks */,
			);
			runOnlyForDeploymentPostprocessing = 0;
		};
/* End PBXFrameworksBuildPhase section */

/* Begin PBXGroup section */
		C2D75E6C16F190FA0008C9E5 = {
			isa = PBXGroup;
			children = (
				C2D75E7E16F190FA0008C9E5 /* YueHui */,
				C2D75E7716F190FA0008C9E5 /* Frameworks */,
				C2D75E7616F190FA0008C9E5 /* Products */,
			);
			sourceTree = "<group>";
		};
		C2D75E7616F190FA0008C9E5 /* Products */ = {
			isa = PBXGroup;
			children = (
				C2D75E7516F190FA0008C9E5 /* YueHui.app */,
			);
			name = Products;
			sourceTree = "<group>";
		};
		C2D75E7716F190FA0008C9E5 /* Frameworks */ = {
			isa = PBXGroup;
			children = (
				C2D75EC316F1A7BE0008C9E5 /* libc++.dylib */,
				C2D75EC516F1A8AC0008C9E5 /* libultrasonicLib.a */,
				C2D75EC116F1A7B20008C9E5 /* QuartzCore.framework */,
				C2D75EBF16F1A7A90008C9E5 /* CoreAudio.framework */,
				C2D75EBD16F1A7A20008C9E5 /* AudioToolbox.framework */,
				C2D75EBB16F1A79A0008C9E5 /* SystemConfiguration.framework */,
				C2D75E7816F190FA0008C9E5 /* UIKit.framework */,
				C2D75E7A16F190FA0008C9E5 /* Foundation.framework */,
				C2D75E7C16F190FA0008C9E5 /* CoreGraphics.framework */,
			);
			name = Frameworks;
			sourceTree = "<group>";
		};
		C2D75E7E16F190FA0008C9E5 /* YueHui */ = {
			isa = PBXGroup;
			children = (
				C2D75E8716F190FA0008C9E5 /* AppDelegate.h */,
				C2D75E8816F190FA0008C9E5 /* AppDelegate.m */,
				C2D75EA116F1A6F40008C9E5 /* Assets */,
				C2D75EAD16F1A6F40008C9E5 /* Classes */,
				C2D75EAE16F1A6F40008C9E5 /* Controllers */,
				C2D75EAF16F1A6F40008C9E5 /* Models */,
				C2D75EB016F1A6F40008C9E5 /* Views */,
			);
			path = YueHui;
			sourceTree = "<group>";
		};
		C2D75EA116F1A6F40008C9E5 /* Assets */ = {
			isa = PBXGroup;
			children = (
				C211983816F213D600E6CE7C /* app-bg.png */,
				C211983916F213D600E6CE7C /* app-bg@2x.png */,
				C211982616F1FD2400E6CE7C /* bottom-bar-bg.png */,
				C211982716F1FD2400E6CE7C /* bottom-bar-bg@2x.png */,
				C211981916F1D3DC00E6CE7C /* icon-share.png */,
				C211981A16F1D3DC00E6CE7C /* icon-share@2x.png */,
				C211983C16F219FB00E6CE7C /* radar-bg.png */,
				C211983D16F219FB00E6CE7C /* radar-bg@2x.png */,
				C211983E16F219FB00E6CE7C /* shake-phone.png */,
				C211983F16F219FB00E6CE7C /* shake-phone@2x.png */,
				C211982A16F2032E00E6CE7C /* tab-icon-coupon.png */,
				C211982B16F2032E00E6CE7C /* tab-icon-coupon@2x.png */,
				C211983416F20DC100E6CE7C /* tab-icon-home.png */,
				C211983516F20DC100E6CE7C /* tab-icon-home@2x.png */,
				C211982C16F2032E00E6CE7C /* tab-icon-shop.png */,
				C211982D16F2032E00E6CE7C /* tab-icon-shop@2x.png */,
				C2D75EDC16F1C97D0008C9E5 /* top-bar-bg.png */,
				C2D75EDD16F1C97D0008C9E5 /* top-bar-bg@2x.png */,
				C2D75EA216F1A6F40008C9E5 /* Supporting */,
			);
			path = Assets;
			sourceTree = "<group>";
		};
		C2D75EA216F1A6F40008C9E5 /* Supporting */ = {
			isa = PBXGroup;
			children = (
				C2D75EA316F1A6F40008C9E5 /* Default-568h@2x.png */,
				C2D75EA416F1A6F40008C9E5 /* Default.png */,
				C2D75EA516F1A6F40008C9E5 /* Default@2x.png */,
				C2D75EA616F1A6F40008C9E5 /* InfoPlist.strings */,
				C2D75EA816F1A6F40008C9E5 /* Icon.png */,
				C2D75EA916F1A6F40008C9E5 /* Icon@2x.png */,
				C2D75EAA16F1A6F40008C9E5 /* main.m */,
				C2D75EAB16F1A6F40008C9E5 /* YueHui-Info.plist */,
				C2D75EAC16F1A6F40008C9E5 /* YueHui-Prefix.pch */,
			);
			path = Supporting;
			sourceTree = "<group>";
		};
		C2D75EAD16F1A6F40008C9E5 /* Classes */ = {
			isa = PBXGroup;
			children = (
				C2D75ECA16F1B6CC0008C9E5 /* Extentions */,
			);
			path = Classes;
			sourceTree = "<group>";
		};
		C2D75EAE16F1A6F40008C9E5 /* Controllers */ = {
			isa = PBXGroup;
			children = (
				C2D75EC716F1B4CC0008C9E5 /* MainViewController.h */,
				C2D75EC816F1B4CC0008C9E5 /* MainViewController.m */,
				C211982316F1FCCE00E6CE7C /* YHTabBarController.h */,
				C211982416F1FCCE00E6CE7C /* YHTabBarController.m */,
			);
			path = Controllers;
			sourceTree = "<group>";
		};
		C2D75EAF16F1A6F40008C9E5 /* Models */ = {
			isa = PBXGroup;
			children = (
			);
			path = Models;
			sourceTree = "<group>";
		};
		C2D75EB016F1A6F40008C9E5 /* Views */ = {
			isa = PBXGroup;
			children = (
			);
			path = Views;
			sourceTree = "<group>";
		};
		C2D75ECA16F1B6CC0008C9E5 /* Extentions */ = {
			isa = PBXGroup;
			children = (
				C2D75ECB16F1B6CC0008C9E5 /* NSString+Ext.h */,
				C2D75ECC16F1B6CC0008C9E5 /* NSString+Ex.m */,
				C211981D16F1F03400E6CE7C /* UIBarButtonItem+Ext.h */,
				C211981E16F1F03400E6CE7C /* UIBarButtonItem+Ext.m */,
				C2D75ECD16F1B6CC0008C9E5 /* UIColor+Ext.h */,
				C2D75ECE16F1B6CC0008C9E5 /* UIColor+Ext.m */,
				C2D75ECF16F1B6CC0008C9E5 /* UIImage+Ext.h */,
				C2D75ED016F1B6CC0008C9E5 /* UIImage+Ext.m */,
				C2D75ED716F1C2E30008C9E5 /* UINavigationBar+Ext.h */,
				C2D75ED816F1C2E30008C9E5 /* UINavigationBar+Ext.m */,
				C2D75ED116F1B6CC0008C9E5 /* UIView+Ext.h */,
				C2D75ED216F1B6CC0008C9E5 /* UIView+Ext.m */,
			);
			path = Extentions;
			sourceTree = "<group>";
		};
/* End PBXGroup section */

/* Begin PBXNativeTarget section */
		C2D75E7416F190FA0008C9E5 /* YueHui */ = {
			isa = PBXNativeTarget;
			buildConfigurationList = C2D75E9216F190FA0008C9E5 /* Build configuration list for PBXNativeTarget "YueHui" */;
			buildPhases = (
				C2D75E7116F190FA0008C9E5 /* Sources */,
				C2D75E7216F190FA0008C9E5 /* Frameworks */,
				C2D75E7316F190FA0008C9E5 /* Resources */,
			);
			buildRules = (
			);
			dependencies = (
			);
			name = YueHui;
			productName = YueHui;
			productReference = C2D75E7516F190FA0008C9E5 /* YueHui.app */;
			productType = "com.apple.product-type.application";
		};
/* End PBXNativeTarget section */

/* Begin PBXProject section */
		C2D75E6D16F190FA0008C9E5 /* Project object */ = {
			isa = PBXProject;
			attributes = {
				LastUpgradeCheck = 0460;
				ORGANIZATIONNAME = BitRice;
			};
			buildConfigurationList = C2D75E7016F190FA0008C9E5 /* Build configuration list for PBXProject "YueHui" */;
			compatibilityVersion = "Xcode 3.2";
			developmentRegion = English;
			hasScannedForEncodings = 0;
			knownRegions = (
				en,
			);
			mainGroup = C2D75E6C16F190FA0008C9E5;
			productRefGroup = C2D75E7616F190FA0008C9E5 /* Products */;
			projectDirPath = "";
			projectRoot = "";
			targets = (
				C2D75E7416F190FA0008C9E5 /* YueHui */,
			);
		};
/* End PBXProject section */

/* Begin PBXResourcesBuildPhase section */
		C2D75E7316F190FA0008C9E5 /* Resources */ = {
			isa = PBXResourcesBuildPhase;
			buildActionMask = 2147483647;
			files = (
				C2D75EB116F1A6F40008C9E5 /* Default-568h@2x.png in Resources */,
				C2D75EB216F1A6F40008C9E5 /* Default.png in Resources */,
				C2D75EB316F1A6F40008C9E5 /* Default@2x.png in Resources */,
				C2D75EB416F1A6F40008C9E5 /* InfoPlist.strings in Resources */,
				C2D75EB516F1A6F40008C9E5 /* Icon.png in Resources */,
				C2D75EB616F1A6F40008C9E5 /* Icon@2x.png in Resources */,
				C2D75EDE16F1C97D0008C9E5 /* top-bar-bg.png in Resources */,
				C2D75EDF16F1C97D0008C9E5 /* top-bar-bg@2x.png in Resources */,
				C211981B16F1D3DC00E6CE7C /* icon-share.png in Resources */,
				C211981C16F1D3DC00E6CE7C /* icon-share@2x.png in Resources */,
				C211982816F1FD2400E6CE7C /* bottom-bar-bg.png in Resources */,
				C211982916F1FD2400E6CE7C /* bottom-bar-bg@2x.png in Resources */,
				C211982E16F2032E00E6CE7C /* tab-icon-coupon.png in Resources */,
				C211982F16F2032E00E6CE7C /* tab-icon-coupon@2x.png in Resources */,
				C211983016F2032E00E6CE7C /* tab-icon-shop.png in Resources */,
				C211983116F2032E00E6CE7C /* tab-icon-shop@2x.png in Resources */,
				C211983616F20DC100E6CE7C /* tab-icon-home.png in Resources */,
				C211983716F20DC100E6CE7C /* tab-icon-home@2x.png in Resources */,
				C211983A16F213D600E6CE7C /* app-bg.png in Resources */,
				C211983B16F213D600E6CE7C /* app-bg@2x.png in Resources */,
				C211984016F219FB00E6CE7C /* radar-bg.png in Resources */,
				C211984116F219FB00E6CE7C /* radar-bg@2x.png in Resources */,
				C211984216F219FB00E6CE7C /* shake-phone.png in Resources */,
				C211984316F219FB00E6CE7C /* shake-phone@2x.png in Resources */,
			);
			runOnlyForDeploymentPostprocessing = 0;
		};
/* End PBXResourcesBuildPhase section */

/* Begin PBXSourcesBuildPhase section */
		C2D75E7116F190FA0008C9E5 /* Sources */ = {
			isa = PBXSourcesBuildPhase;
			buildActionMask = 2147483647;
			files = (
				C2D75E8916F190FA0008C9E5 /* AppDelegate.m in Sources */,
				C2D75EB716F1A6F40008C9E5 /* main.m in Sources */,
				C2D75EC916F1B4CC0008C9E5 /* MainViewController.m in Sources */,
				C2D75ED316F1B6CC0008C9E5 /* NSString+Ex.m in Sources */,
				C2D75ED416F1B6CC0008C9E5 /* UIColor+Ext.m in Sources */,
				C2D75ED516F1B6CC0008C9E5 /* UIImage+Ext.m in Sources */,
				C2D75ED616F1B6CC0008C9E5 /* UIView+Ext.m in Sources */,
				C2D75ED916F1C2E30008C9E5 /* UINavigationBar+Ext.m in Sources */,
				C211981F16F1F03400E6CE7C /* UIBarButtonItem+Ext.m in Sources */,
				C211982516F1FCCE00E6CE7C /* YHTabBarController.m in Sources */,
			);
			runOnlyForDeploymentPostprocessing = 0;
		};
/* End PBXSourcesBuildPhase section */

/* Begin PBXVariantGroup section */
		C2D75EA616F1A6F40008C9E5 /* InfoPlist.strings */ = {
			isa = PBXVariantGroup;
			children = (
				C2D75EA716F1A6F40008C9E5 /* en */,
			);
			name = InfoPlist.strings;
			sourceTree = "<group>";
		};
/* End PBXVariantGroup section */

/* Begin XCBuildConfiguration section */
		C2D75E9016F190FA0008C9E5 /* Debug */ = {
			isa = XCBuildConfiguration;
			buildSettings = {
				ALWAYS_SEARCH_USER_PATHS = NO;
				CLANG_CXX_LANGUAGE_STANDARD = "gnu++0x";
				CLANG_CXX_LIBRARY = "libc++";
				CLANG_ENABLE_OBJC_ARC = YES;
				CLANG_WARN_CONSTANT_CONVERSION = YES;
				CLANG_WARN_EMPTY_BODY = YES;
				CLANG_WARN_ENUM_CONVERSION = YES;
				CLANG_WARN_INT_CONVERSION = YES;
				CLANG_WARN__DUPLICATE_METHOD_MATCH = YES;
				"CODE_SIGN_IDENTITY[sdk=iphoneos*]" = "iPhone Developer";
				COPY_PHASE_STRIP = NO;
				GCC_C_LANGUAGE_STANDARD = gnu99;
				GCC_DYNAMIC_NO_PIC = NO;
				GCC_OPTIMIZATION_LEVEL = 0;
				GCC_PREPROCESSOR_DEFINITIONS = (
					"DEBUG=1",
					"$(inherited)",
				);
				GCC_SYMBOLS_PRIVATE_EXTERN = NO;
				GCC_WARN_ABOUT_RETURN_TYPE = YES;
				GCC_WARN_UNINITIALIZED_AUTOS = YES;
				GCC_WARN_UNUSED_VARIABLE = YES;
				IPHONEOS_DEPLOYMENT_TARGET = 6.1;
				ONLY_ACTIVE_ARCH = YES;
				SDKROOT = iphoneos;
				TARGETED_DEVICE_FAMILY = 2;
			};
			name = Debug;
		};
		C2D75E9116F190FA0008C9E5 /* Release */ = {
			isa = XCBuildConfiguration;
			buildSettings = {
				ALWAYS_SEARCH_USER_PATHS = NO;
				CLANG_CXX_LANGUAGE_STANDARD = "gnu++0x";
				CLANG_CXX_LIBRARY = "libc++";
				CLANG_ENABLE_OBJC_ARC = YES;
				CLANG_WARN_CONSTANT_CONVERSION = YES;
				CLANG_WARN_EMPTY_BODY = YES;
				CLANG_WARN_ENUM_CONVERSION = YES;
				CLANG_WARN_INT_CONVERSION = YES;
				CLANG_WARN__DUPLICATE_METHOD_MATCH = YES;
				"CODE_SIGN_IDENTITY[sdk=iphoneos*]" = "iPhone Developer";
				COPY_PHASE_STRIP = YES;
				GCC_C_LANGUAGE_STANDARD = gnu99;
				GCC_WARN_ABOUT_RETURN_TYPE = YES;
				GCC_WARN_UNINITIALIZED_AUTOS = YES;
				GCC_WARN_UNUSED_VARIABLE = YES;
				IPHONEOS_DEPLOYMENT_TARGET = 6.1;
				OTHER_CFLAGS = "-DNS_BLOCK_ASSERTIONS=1";
				SDKROOT = iphoneos;
				TARGETED_DEVICE_FAMILY = 2;
				VALIDATE_PRODUCT = YES;
			};
			name = Release;
		};
		C2D75E9316F190FA0008C9E5 /* Debug */ = {
			isa = XCBuildConfiguration;
			buildSettings = {
				ARCHS = armv7;
				GCC_PRECOMPILE_PREFIX_HEADER = YES;
				GCC_PREFIX_HEADER = "$(SRCROOT)/YueHui/Assets/Supporting/YueHui-Prefix.pch";
				INFOPLIST_FILE = "$(SRCROOT)/YueHui/Assets/Supporting/YueHui-Info.plist";
				IPHONEOS_DEPLOYMENT_TARGET = 5.1;
				LIBRARY_SEARCH_PATHS = (
					"$(inherited)",
					"\"$(SRCROOT)/YueHui/Assets\"",
					"\"$(SRCROOT)\"",
				);
				ONLY_ACTIVE_ARCH = NO;
				PRODUCT_NAME = "$(TARGET_NAME)";
				TARGETED_DEVICE_FAMILY = 1;
				WRAPPER_EXTENSION = app;
			};
			name = Debug;
		};
		C2D75E9416F190FA0008C9E5 /* Release */ = {
			isa = XCBuildConfiguration;
			buildSettings = {
				ARCHS = armv7;
				GCC_PRECOMPILE_PREFIX_HEADER = YES;
				GCC_PREFIX_HEADER = "$(SRCROOT)/YueHui/Assets/Supporting/YueHui-Prefix.pch";
				INFOPLIST_FILE = "$(SRCROOT)/YueHui/Assets/Supporting/YueHui-Info.plist";
				IPHONEOS_DEPLOYMENT_TARGET = 5.1;
				LIBRARY_SEARCH_PATHS = (
					"$(inherited)",
					"\"$(SRCROOT)/YueHui/Assets\"",
					"\"$(SRCROOT)\"",
				);
				ONLY_ACTIVE_ARCH = NO;
				PRODUCT_NAME = "$(TARGET_NAME)";
				TARGETED_DEVICE_FAMILY = 1;
				WRAPPER_EXTENSION = app;
			};
			name = Release;
		};
/* End XCBuildConfiguration section */

/* Begin XCConfigurationList section */
		C2D75E7016F190FA0008C9E5 /* Build configuration list for PBXProject "YueHui" */ = {
			isa = XCConfigurationList;
			buildConfigurations = (
				C2D75E9016F190FA0008C9E5 /* Debug */,
				C2D75E9116F190FA0008C9E5 /* Release */,
			);
			defaultConfigurationIsVisible = 0;
			defaultConfigurationName = Release;
		};
		C2D75E9216F190FA0008C9E5 /* Build configuration list for PBXNativeTarget "YueHui" */ = {
			isa = XCConfigurationList;
			buildConfigurations = (
				C2D75E9316F190FA0008C9E5 /* Debug */,
				C2D75E9416F190FA0008C9E5 /* Release */,
			);
			defaultConfigurationIsVisible = 0;
			defaultConfigurationName = Release;
		};
/* End XCConfigurationList section */
	};
	rootObject = C2D75E6D16F190FA0008C9E5 /* Project object */;
}
